// !$*UTF8*$!
{
	archiveVersion = 1;
	classes = {
	};
	objectVersion = 77;
	objects = {

/* Begin PBXBuildFile section */
		1D9F81F32F5E475C00D9E83B /* AppDelegate.swift in Sources */ = {isa = PBXBuildFile; fileRef = 1D9F81F22F5E475C00D9E83B /* AppDelegate.swift */; };
		1D9F81F72F5E475C00D9E83B /* Main.html in Resources */ = {isa = PBXBuildFile; fileRef = 1D9F81F52F5E475C00D9E83B /* Main.html */; };
		1D9F81F92F5E475C00D9E83B /* Icon.png in Resources */ = {isa = PBXBuildFile; fileRef = 1D9F81F82F5E475C00D9E83B /* Icon.png */; };
		1D9F81FB2F5E475C00D9E83B /* Style.css in Resources */ = {isa = PBXBuildFile; fileRef = 1D9F81FA2F5E475C00D9E83B /* Style.css */; };
		1D9F81FD2F5E475C00D9E83B /* Script.js in Resources */ = {isa = PBXBuildFile; fileRef = 1D9F81FC2F5E475C00D9E83B /* Script.js */; };
		1D9F81FF2F5E475C00D9E83B /* ViewController.swift in Sources */ = {isa = PBXBuildFile; fileRef = 1D9F81FE2F5E475C00D9E83B /* ViewController.swift */; };
		1D9F82022F5E475C00D9E83B /* Main.storyboard in Resources */ = {isa = PBXBuildFile; fileRef = 1D9F82002F5E475C00D9E83B /* Main.storyboard */; };
		1D9F82042F5E475D00D9E83B /* Assets.xcassets in Resources */ = {isa = PBXBuildFile; fileRef = 1D9F82032F5E475D00D9E83B /* Assets.xcassets */; };
		1D9F820B2F5E475D00D9E83B /* PBS with BBA Compare Extension.appex in Embed Foundation Extensions */ = {isa = PBXBuildFile; fileRef = 1D9F820A2F5E475D00D9E83B /* PBS with BBA Compare Extension.appex */; settings = {ATTRIBUTES = (RemoveHeadersOnCopy, ); }; };
		1D9F82102F5E475D00D9E83B /* SafariWebExtensionHandler.swift in Sources */ = {isa = PBXBuildFile; fileRef = 1D9F820F2F5E475D00D9E83B /* SafariWebExtensionHandler.swift */; };
		1D9F82242F5E475D00D9E83B /* iframe in Resources */ = {isa = PBXBuildFile; fileRef = 1D9F821C2F5E475D00D9E83B /* iframe */; };
		1D9F82252F5E475D00D9E83B /* jquery-3.5.1.min.js in Resources */ = {isa = PBXBuildFile; fileRef = 1D9F821D2F5E475D00D9E83B /* jquery-3.5.1.min.js */; };
		1D9F82262F5E475D00D9E83B /* libs in Resources */ = {isa = PBXBuildFile; fileRef = 1D9F821E2F5E475D00D9E83B /* libs */; };
		1D9F82272F5E475D00D9E83B /* main.js in Resources */ = {isa = PBXBuildFile; fileRef = 1D9F821F2F5E475D00D9E83B /* main.js */; };
		1D9F82282F5E475D00D9E83B /* icons in Resources */ = {isa = PBXBuildFile; fileRef = 1D9F82202F5E475D00D9E83B /* icons */; };
		1D9F82292F5E475D00D9E83B /* manifest.json in Resources */ = {isa = PBXBuildFile; fileRef = 1D9F82212F5E475D00D9E83B /* manifest.json */; };
		1D9F822A2F5E475D00D9E83B /* BBOalert.css in Resources */ = {isa = PBXBuildFile; fileRef = 1D9F82222F5E475D00D9E83B /* BBOalert.css */; };
		1D9F822B2F5E475D00D9E83B /* PBSiframe.js in Resources */ = {isa = PBXBuildFile; fileRef = 1D9F82232F5E475D00D9E83B /* PBSiframe.js */; };
/* End PBXBuildFile section */

/* Begin PBXContainerItemProxy section */
		1D9F820C2F5E475D00D9E83B /* PBXContainerItemProxy */ = {
			isa = PBXContainerItemProxy;
			containerPortal = 1D9F81E72F5E475C00D9E83B /* Project object */;
			proxyType = 1;
			remoteGlobalIDString = 1D9F82092F5E475D00D9E83B;
			remoteInfo = "PBS with BBA Compare Extension";
		};
/* End PBXContainerItemProxy section */

/* Begin PBXCopyFilesBuildPhase section */
		1D9F82172F5E475D00D9E83B /* Embed Foundation Extensions */ = {
			isa = PBXCopyFilesBuildPhase;
			buildActionMask = 2147483647;
			dstPath = "";
			dstSubfolderSpec = 13;
			files = (
				1D9F820B2F5E475D00D9E83B /* PBS with BBA Compare Extension.appex in Embed Foundation Extensions */,
			);
			name = "Embed Foundation Extensions";
			runOnlyForDeploymentPostprocessing = 0;
		};
/* End PBXCopyFilesBuildPhase section */

/* Begin PBXFileReference section */
		1D9F81EF2F5E475C00D9E83B /* PBS with BBA Compare.app */ = {isa = PBXFileReference; explicitFileType = wrapper.application; includeInIndex = 0; path = "PBS with BBA Compare.app"; sourceTree = BUILT_PRODUCTS_DIR; };
		1D9F81F22F5E475C00D9E83B /* AppDelegate.swift */ = {isa = PBXFileReference; lastKnownFileType = sourcecode.swift; path = AppDelegate.swift; sourceTree = "<group>"; };
		1D9F81F62F5E475C00D9E83B /* Base */ = {isa = PBXFileReference; lastKnownFileType = text.html; name = Base; path = Base.lproj/Main.html; sourceTree = "<group>"; };
		1D9F81F82F5E475C00D9E83B /* Icon.png */ = {isa = PBXFileReference; lastKnownFileType = image.png; path = Icon.png; sourceTree = "<group>"; };
		1D9F81FA2F5E475C00D9E83B /* Style.css */ = {isa = PBXFileReference; lastKnownFileType = text.css; path = Style.css; sourceTree = "<group>"; };
		1D9F81FC2F5E475C00D9E83B /* Script.js */ = {isa = PBXFileReference; lastKnownFileType = sourcecode.javascript; path = Script.js; sourceTree = "<group>"; };
		1D9F81FE2F5E475C00D9E83B /* ViewController.swift */ = {isa = PBXFileReference; lastKnownFileType = sourcecode.swift; path = ViewController.swift; sourceTree = "<group>"; };
		1D9F82012F5E475C00D9E83B /* Base */ = {isa = PBXFileReference; lastKnownFileType = file.storyboard; name = Base; path = Base.lproj/Main.storyboard; sourceTree = "<group>"; };
		1D9F82032F5E475D00D9E83B /* Assets.xcassets */ = {isa = PBXFileReference; lastKnownFileType = folder.assetcatalog; path = Assets.xcassets; sourceTree = "<group>"; };
		1D9F82052F5E475D00D9E83B /* Info.plist */ = {isa = PBXFileReference; lastKnownFileType = text.plist.xml; path = Info.plist; sourceTree = "<group>"; };
		1D9F820A2F5E475D00D9E83B /* PBS with BBA Compare Extension.appex */ = {isa = PBXFileReference; explicitFileType = "wrapper.app-extension"; includeInIndex = 0; path = "PBS with BBA Compare Extension.appex"; sourceTree = BUILT_PRODUCTS_DIR; };
		1D9F820F2F5E475D00D9E83B /* SafariWebExtensionHandler.swift */ = {isa = PBXFileReference; lastKnownFileType = sourcecode.swift; path = SafariWebExtensionHandler.swift; sourceTree = "<group>"; };
		1D9F82112F5E475D00D9E83B /* Info.plist */ = {isa = PBXFileReference; lastKnownFileType = text.plist.xml; path = Info.plist; sourceTree = "<group>"; };
		1D9F821C2F5E475D00D9E83B /* iframe */ = {isa = PBXFileReference; lastKnownFileType = folder; name = iframe; path = Resources/iframe; sourceTree = "<group>"; };
		1D9F821D2F5E475D00D9E83B /* jquery-3.5.1.min.js */ = {isa = PBXFileReference; lastKnownFileType = sourcecode.javascript; name = "jquery-3.5.1.min.js"; path = "Resources/jquery-3.5.1.min.js"; sourceTree = "<group>"; };
		1D9F821E2F5E475D00D9E83B /* libs */ = {isa = PBXFileReference; lastKnownFileType = folder; name = libs; path = Resources/libs; sourceTree = "<group>"; };
		1D9F821F2F5E475D00D9E83B /* main.js */ = {isa = PBXFileReference; lastKnownFileType = sourcecode.javascript; name = main.js; path = Resources/main.js; sourceTree = "<group>"; };
		1D9F82202F5E475D00D9E83B /* icons */ = {isa = PBXFileReference; lastKnownFileType = folder; name = icons; path = Resources/icons; sourceTree = "<group>"; };
		1D9F82212F5E475D00D9E83B /* manifest.json */ = {isa = PBXFileReference; lastKnownFileType = text.json; name = manifest.json; path = Resources/manifest.json; sourceTree = "<group>"; };
		1D9F82222F5E475D00D9E83B /* BBOalert.css */ = {isa = PBXFileReference; lastKnownFileType = text.css; name = BBOalert.css; path = Resources/BBOalert.css; sourceTree = "<group>"; };
		1D9F82232F5E475D00D9E83B /* PBSiframe.js */ = {isa = PBXFileReference; lastKnownFileType = sourcecode.javascript; name = PBSiframe.js; path = Resources/PBSiframe.js; sourceTree = "<group>"; };
/* End PBXFileReference section */

/* Begin PBXFrameworksBuildPhase section */
		1D9F81EC2F5E475C00D9E83B /* Frameworks */ = {
			isa = PBXFrameworksBuildPhase;
			buildActionMask = 2147483647;
			files = (
			);
			runOnlyForDeploymentPostprocessing = 0;
		};
		1D9F82072F5E475D00D9E83B /* Frameworks */ = {
			isa = PBXFrameworksBuildPhase;
			buildActionMask = 2147483647;
			files = (
			);
			runOnlyForDeploymentPostprocessing = 0;
		};
/* End PBXFrameworksBuildPhase section */

/* Begin PBXGroup section */
		1D9F81E62F5E475C00D9E83B = {
			isa = PBXGroup;
			children = (
				1D9F81F12F5E475C00D9E83B /* PBS with BBA Compare */,
				1D9F820E2F5E475D00D9E83B /* PBS with BBA Compare Extension */,
				1D9F81F02F5E475C00D9E83B /* Products */,
			);
			sourceTree = "<group>";
		};
		1D9F81F02F5E475C00D9E83B /* Products */ = {
			isa = PBXGroup;
			children = (
				1D9F81EF2F5E475C00D9E83B /* PBS with BBA Compare.app */,
				1D9F820A2F5E475D00D9E83B /* PBS with BBA Compare Extension.appex */,
			);
			name = Products;
			sourceTree = "<group>";
		};
		1D9F81F12F5E475C00D9E83B /* PBS with BBA Compare */ = {
			isa = PBXGroup;
			children = (
				1D9F81F22F5E475C00D9E83B /* AppDelegate.swift */,
				1D9F81FE2F5E475C00D9E83B /* ViewController.swift */,
				1D9F82002F5E475C00D9E83B /* Main.storyboard */,
				1D9F82032F5E475D00D9E83B /* Assets.xcassets */,
				1D9F82052F5E475D00D9E83B /* Info.plist */,
				1D9F81F42F5E475C00D9E83B /* Resources */,
			);
			path = "PBS with BBA Compare";
			sourceTree = "<group>";
		};
		1D9F81F42F5E475C00D9E83B /* Resources */ = {
			isa = PBXGroup;
			children = (
				1D9F81F52F5E475C00D9E83B /* Main.html */,
				1D9F81F82F5E475C00D9E83B /* Icon.png */,
				1D9F81FA2F5E475C00D9E83B /* Style.css */,
				1D9F81FC2F5E475C00D9E83B /* Script.js */,
			);
			path = Resources;
			sourceTree = "<group>";
		};
		1D9F820E2F5E475D00D9E83B /* PBS with BBA Compare Extension */ = {
			isa = PBXGroup;
			children = (
				1D9F821B2F5E475D00D9E83B /* Resources */,
				1D9F820F2F5E475D00D9E83B /* SafariWebExtensionHandler.swift */,
				1D9F82112F5E475D00D9E83B /* Info.plist */,
			);
			path = "PBS with BBA Compare Extension";
			sourceTree = "<group>";
		};
		1D9F821B2F5E475D00D9E83B /* Resources */ = {
			isa = PBXGroup;
			children = (
				1D9F821C2F5E475D00D9E83B /* iframe */,
				1D9F821D2F5E475D00D9E83B /* jquery-3.5.1.min.js */,
				1D9F821E2F5E475D00D9E83B /* libs */,
				1D9F821F2F5E475D00D9E83B /* main.js */,
				1D9F82202F5E475D00D9E83B /* icons */,
				1D9F82212F5E475D00D9E83B /* manifest.json */,
				1D9F82222F5E475D00D9E83B /* BBOalert.css */,
				1D9F82232F5E475D00D9E83B /* PBSiframe.js */,
			);
			name = Resources;
			path = "PBS with BBA Compare Extension";
			sourceTree = SOURCE_ROOT;
		};
/* End PBXGroup section */

/* Begin PBXNativeTarget section */
		1D9F81EE2F5E475C00D9E83B /* PBS with BBA Compare */ = {
			isa = PBXNativeTarget;
			buildConfigurationList = 1D9F82182F5E475D00D9E83B /* Build configuration list for PBXNativeTarget "PBS with BBA Compare" */;
			buildPhases = (
				1D9F81EB2F5E475C00D9E83B /* Sources */,
				1D9F81EC2F5E475C00D9E83B /* Frameworks */,
				1D9F81ED2F5E475C00D9E83B /* Resources */,
				1D9F82172F5E475D00D9E83B /* Embed Foundation Extensions */,
			);
			buildRules = (
			);
			dependencies = (
				1D9F820D2F5E475D00D9E83B /* PBXTargetDependency */,
			);
			name = "PBS with BBA Compare";
			packageProductDependencies = (
			);
			productName = "PBS with BBA Compare";
			productReference = 1D9F81EF2F5E475C00D9E83B /* PBS with BBA Compare.app */;
			productType = "com.apple.product-type.application";
		};
		1D9F82092F5E475D00D9E83B /* PBS with BBA Compare Extension */ = {
			isa = PBXNativeTarget;
			buildConfigurationList = 1D9F82142F5E475D00D9E83B /* Build configuration list for PBXNativeTarget "PBS with BBA Compare Extension" */;
			buildPhases = (
				1D9F82062F5E475D00D9E83B /* Sources */,
				1D9F82072F5E475D00D9E83B /* Frameworks */,
				1D9F82082F5E475D00D9E83B /* Resources */,
			);
			buildRules = (
			);
			dependencies = (
			);
			name = "PBS with BBA Compare Extension";
			packageProductDependencies = (
			);
			productName = "PBS with BBA Compare Extension";
			productReference = 1D9F820A2F5E475D00D9E83B /* PBS with BBA Compare Extension.appex */;
			productType = "com.apple.product-type.app-extension";
		};
/* End PBXNativeTarget section */

/* Begin PBXProject section */
		1D9F81E72F5E475C00D9E83B /* Project object */ = {
			isa = PBXProject;
			attributes = {
				BuildIndependentTargetsInParallel = 1;
				LastSwiftUpdateCheck = 2630;
				LastUpgradeCheck = 2630;
				TargetAttributes = {
					1D9F81EE2F5E475C00D9E83B = {
						CreatedOnToolsVersion = 26.3;
					};
					1D9F82092F5E475D00D9E83B = {
						CreatedOnToolsVersion = 26.3;
					};
				};
			};
			buildConfigurationList = 1D9F81EA2F5E475C00D9E83B /* Build configuration list for PBXProject "PBS with BBA Compare" */;
			developmentRegion = en;
			hasScannedForEncodings = 0;
			knownRegions = (
				en,
				Base,
			);
			mainGroup = 1D9F81E62F5E475C00D9E83B;
			minimizedProjectReferenceProxies = 1;
			preferredProjectObjectVersion = 77;
			productRefGroup = 1D9F81F02F5E475C00D9E83B /* Products */;
			projectDirPath = "";
			projectRoot = "";
			targets = (
				1D9F81EE2F5E475C00D9E83B /* PBS with BBA Compare */,
				1D9F82092F5E475D00D9E83B /* PBS with BBA Compare Extension */,
			);
		};
/* End PBXProject section */

/* Begin PBXResourcesBuildPhase section */
		1D9F81ED2F5E475C00D9E83B /* Resources */ = {
			isa = PBXResourcesBuildPhase;
			buildActionMask = 2147483647;
			files = (
				1D9F81F92F5E475C00D9E83B /* Icon.png in Resources */,
				1D9F82022F5E475C00D9E83B /* Main.storyboard in Resources */,
				1D9F81FD2F5E475C00D9E83B /* Script.js in Resources */,
				1D9F81F72F5E475C00D9E83B /* Main.html in Resources */,
				1D9F82042F5E475D00D9E83B /* Assets.xcassets in Resources */,
				1D9F81FB2F5E475C00D9E83B /* Style.css in Resources */,
			);
			runOnlyForDeploymentPostprocessing = 0;
		};
		1D9F82082F5E475D00D9E83B /* Resources */ = {
			isa = PBXResourcesBuildPhase;
			buildActionMask = 2147483647;
			files = (
				1D9F822B2F5E475D00D9E83B /* PBSiframe.js in Resources */,
				1D9F82252F5E475D00D9E83B /* jquery-3.5.1.min.js in Resources */,
				1D9F82262F5E475D00D9E83B /* libs in Resources */,
				1D9F822A2F5E475D00D9E83B /* BBOalert.css in Resources */,
				1D9F82242F5E475D00D9E83B /* iframe in Resources */,
				1D9F82282F5E475D00D9E83B /* icons in Resources */,
				1D9F82292F5E475D00D9E83B /* manifest.json in Resources */,
				1D9F82272F5E475D00D9E83B /* main.js in Resources */,
			);
			runOnlyForDeploymentPostprocessing = 0;
		};
/* End PBXResourcesBuildPhase section */

/* Begin PBXSourcesBuildPhase section */
		1D9F81EB2F5E475C00D9E83B /* Sources */ = {
			isa = PBXSourcesBuildPhase;
			buildActionMask = 2147483647;
			files = (
				1D9F81FF2F5E475C00D9E83B /* ViewController.swift in Sources */,
				1D9F81F32F5E475C00D9E83B /* AppDelegate.swift in Sources */,
			);
			runOnlyForDeploymentPostprocessing = 0;
		};
		1D9F82062F5E475D00D9E83B /* Sources */ = {
			isa = PBXSourcesBuildPhase;
			buildActionMask = 2147483647;
			files = (
				1D9F82102F5E475D00D9E83B /* SafariWebExtensionHandler.swift in Sources */,
			);
			runOnlyForDeploymentPostprocessing = 0;
		};
/* End PBXSourcesBuildPhase section */

/* Begin PBXTargetDependency section */
		1D9F820D2F5E475D00D9E83B /* PBXTargetDependency */ = {
			isa = PBXTargetDependency;
			target = 1D9F82092F5E475D00D9E83B /* PBS with BBA Compare Extension */;
			targetProxy = 1D9F820C2F5E475D00D9E83B /* PBXContainerItemProxy */;
		};
/* End PBXTargetDependency section */

/* Begin PBXVariantGroup section */
		1D9F81F52F5E475C00D9E83B /* Main.html */ = {
			isa = PBXVariantGroup;
			children = (
				1D9F81F62F5E475C00D9E83B /* Base */,
			);
			name = Main.html;
			sourceTree = "<group>";
		};
		1D9F82002F5E475C00D9E83B /* Main.storyboard */ = {
			isa = PBXVariantGroup;
			children = (
				1D9F82012F5E475C00D9E83B /* Base */,
			);
			name = Main.storyboard;
			sourceTree = "<group>";
		};
/* End PBXVariantGroup section */

/* Begin XCBuildConfiguration section */
		1D9F82122F5E475D00D9E83B /* Debug */ = {
			isa = XCBuildConfiguration;
			buildSettings = {
				ALWAYS_SEARCH_USER_PATHS = NO;
				ASSETCATALOG_COMPILER_GENERATE_SWIFT_ASSET_SYMBOL_EXTENSIONS = YES;
				CLANG_ANALYZER_NONNULL = YES;
				CLANG_ANALYZER_NUMBER_OBJECT_CONVERSION = YES_AGGRESSIVE;
				CLANG_CXX_LANGUAGE_STANDARD = "gnu++20";
				CLANG_ENABLE_MODULES = YES;
				CLANG_ENABLE_OBJC_ARC = YES;
				CLANG_ENABLE_OBJC_WEAK = YES;
				CLANG_WARN_BLOCK_CAPTURE_AUTORELEASING = YES;
				CLANG_WARN_BOOL_CONVERSION = YES;
				CLANG_WARN_COMMA = YES;
				CLANG_WARN_CONSTANT_CONVERSION = YES;
				CLANG_WARN_DEPRECATED_OBJC_IMPLEMENTATIONS = YES;
				CLANG_WARN_DIRECT_OBJC_ISA_USAGE = YES_ERROR;
				CLANG_WARN_DOCUMENTATION_COMMENTS = YES;
				CLANG_WARN_EMPTY_BODY = YES;
				CLANG_WARN_ENUM_CONVERSION = YES;
				CLANG_WARN_INFINITE_RECURSION = YES;
				CLANG_WARN_INT_CONVERSION = YES;
				CLANG_WARN_NON_LITERAL_NULL_CONVERSION = YES;
				CLANG_WARN_OBJC_IMPLICIT_RETAIN_SELF = YES;
				CLANG_WARN_OBJC_LITERAL_CONVERSION = YES;
				CLANG_WARN_OBJC_ROOT_CLASS = YES_ERROR;
				CLANG_WARN_QUOTED_INCLUDE_IN_FRAMEWORK_HEADER = YES;
				CLANG_WARN_RANGE_LOOP_ANALYSIS = YES;
				CLANG_WARN_STRICT_PROTOTYPES = YES;
				CLANG_WARN_SUSPICIOUS_MOVE = YES;
				CLANG_WARN_UNGUARDED_AVAILABILITY = YES_AGGRESSIVE;
				CLANG_WARN_UNREACHABLE_CODE = YES;
				CLANG_WARN__DUPLICATE_METHOD_MATCH = YES;
				COPY_PHASE_STRIP = NO;
				DEBUG_INFORMATION_FORMAT = dwarf;
				ENABLE_STRICT_OBJC_MSGSEND = YES;
				ENABLE_TESTABILITY = YES;
				ENABLE_USER_SCRIPT_SANDBOXING = YES;
				GCC_C_LANGUAGE_STANDARD = gnu17;
				GCC_DYNAMIC_NO_PIC = NO;
				GCC_NO_COMMON_BLOCKS = YES;
				GCC_OPTIMIZATION_LEVEL = 0;
				GCC_PREPROCESSOR_DEFINITIONS = (
					"DEBUG=1",
					"$(inherited)",
				);
				GCC_WARN_64_TO_32_BIT_CONVERSION = YES;
				GCC_WARN_ABOUT_RETURN_TYPE = YES_ERROR;
				GCC_WARN_UNDECLARED_SELECTOR = YES;
				GCC_WARN_UNINITIALIZED_AUTOS = YES_AGGRESSIVE;
				GCC_WARN_UNUSED_FUNCTION = YES;
				GCC_WARN_UNUSED_VARIABLE = YES;
				LOCALIZATION_PREFERS_STRING_CATALOGS = YES;
				MACOSX_DEPLOYMENT_TARGET = 12.0;
				MTL_ENABLE_DEBUG_INFO = INCLUDE_SOURCE;
				MTL_FAST_MATH = YES;
				ONLY_ACTIVE_ARCH = YES;
				SDKROOT = macosx;
				SWIFT_ACTIVE_COMPILATION_CONDITIONS = "DEBUG $(inherited)";
				SWIFT_OPTIMIZATION_LEVEL = "-Onone";
			};
			name = Debug;
		};
		1D9F82132F5E475D00D9E83B /* Release */ = {
			isa = XCBuildConfiguration;
			buildSettings = {
				ALWAYS_SEARCH_USER_PATHS = NO;
				ASSETCATALOG_COMPILER_GENERATE_SWIFT_ASSET_SYMBOL_EXTENSIONS = YES;
				CLANG_ANALYZER_NONNULL = YES;
				CLANG_ANALYZER_NUMBER_OBJECT_CONVERSION = YES_AGGRESSIVE;
				CLANG_CXX_LANGUAGE_STANDARD = "gnu++20";
				CLANG_ENABLE_MODULES = YES;
				CLANG_ENABLE_OBJC_ARC = YES;
				CLANG_ENABLE_OBJC_WEAK = YES;
				CLANG_WARN_BLOCK_CAPTURE_AUTORELEASING = YES;
				CLANG_WARN_BOOL_CONVERSION = YES;
				CLANG_WARN_COMMA = YES;
				CLANG_WARN_CONSTANT_CONVERSION = YES;
				CLANG_WARN_DEPRECATED_OBJC_IMPLEMENTATIONS = YES;
				CLANG_WARN_DIRECT_OBJC_ISA_USAGE = YES_ERROR;
				CLANG_WARN_DOCUMENTATION_COMMENTS = YES;
				CLANG_WARN_EMPTY_BODY = YES;
				CLANG_WARN_ENUM_CONVERSION = YES;
				CLANG_WARN_INFINITE_RECURSION = YES;
				CLANG_WARN_INT_CONVERSION = YES;
				CLANG_WARN_NON_LITERAL_NULL_CONVERSION = YES;
				CLANG_WARN_OBJC_IMPLICIT_RETAIN_SELF = YES;
				CLANG_WARN_OBJC_LITERAL_CONVERSION = YES;
				CLANG_WARN_OBJC_ROOT_CLASS = YES_ERROR;
				CLANG_WARN_QUOTED_INCLUDE_IN_FRAMEWORK_HEADER = YES;
				CLANG_WARN_RANGE_LOOP_ANALYSIS = YES;
				CLANG_WARN_STRICT_PROTOTYPES = YES;
				CLANG_WARN_SUSPICIOUS_MOVE = YES;
				CLANG_WARN_UNGUARDED_AVAILABILITY = YES_AGGRESSIVE;
				CLANG_WARN_UNREACHABLE_CODE = YES;
				CLANG_WARN__DUPLICATE_METHOD_MATCH = YES;
				COPY_PHASE_STRIP = NO;
				DEBUG_INFORMATION_FORMAT = "dwarf-with-dsym";
				ENABLE_NS_ASSERTIONS = NO;
				ENABLE_STRICT_OBJC_MSGSEND = YES;
				ENABLE_USER_SCRIPT_SANDBOXING = YES;
				GCC_C_LANGUAGE_STANDARD = gnu17;
				GCC_NO_COMMON_BLOCKS = YES;
				GCC_WARN_64_TO_32_BIT_CONVERSION = YES;
				GCC_WARN_ABOUT_RETURN_TYPE = YES_ERROR;
				GCC_WARN_UNDECLARED_SELECTOR = YES;
				GCC_WARN_UNINITIALIZED_AUTOS = YES_AGGRESSIVE;
				GCC_WARN_UNUSED_FUNCTION = YES;
				GCC_WARN_UNUSED_VARIABLE = YES;
				LOCALIZATION_PREFERS_STRING_CATALOGS = YES;
				MACOSX_DEPLOYMENT_TARGET = 12.0;
				MTL_ENABLE_DEBUG_INFO = NO;
				MTL_FAST_MATH = YES;
				SDKROOT = macosx;
				SWIFT_COMPILATION_MODE = wholemodule;
			};
			name = Release;
		};
		1D9F82152F5E475D00D9E83B /* Debug */ = {
			isa = XCBuildConfiguration;
			buildSettings = {
				CODE_SIGN_STYLE = Automatic;
				CURRENT_PROJECT_VERSION = 3;
				DEVELOPMENT_TEAM = 8H3FX5B8KD;
				ENABLE_APP_SANDBOX = YES;
				ENABLE_HARDENED_RUNTIME = YES;
				ENABLE_USER_SELECTED_FILES = readonly;
				GENERATE_INFOPLIST_FILE = YES;
				INFOPLIST_FILE = "PBS with BBA Compare Extension/Info.plist";
				INFOPLIST_KEY_CFBundleDisplayName = "PBS with BBA Compare Extension";
				INFOPLIST_KEY_NSHumanReadableCopyright = "";
				LD_RUNPATH_SEARCH_PATHS = (
					"$(inherited)",
					"@executable_path/../Frameworks",
					"@executable_path/../../../../Frameworks",
				);
				MACOSX_DEPLOYMENT_TARGET = 12.0;
				MARKETING_VERSION = 1.0.0;
				OTHER_LDFLAGS = (
					"-framework",
					SafariServices,
				);
				PRODUCT_BUNDLE_IDENTIFIER = "com.rickwilson.PBS-with-BBA-Compare.Extension";
				PRODUCT_NAME = "$(TARGET_NAME)";
				SKIP_INSTALL = YES;
				STRING_CATALOG_GENERATE_SYMBOLS = YES;
				SWIFT_APPROACHABLE_CONCURRENCY = YES;
				SWIFT_EMIT_LOC_STRINGS = YES;
				SWIFT_UPCOMING_FEATURE_MEMBER_IMPORT_VISIBILITY = YES;
				SWIFT_VERSION = 5.0;
			};
			name = Debug;
		};
		1D9F82162F5E475D00D9E83B /* Release */ = {
			isa = XCBuildConfiguration;
			buildSettings = {
				CODE_SIGN_STYLE = Automatic;
				CURRENT_PROJECT_VERSION = 3;
				DEVELOPMENT_TEAM = 8H3FX5B8KD;
				ENABLE_APP_SANDBOX = YES;
				ENABLE_HARDENED_RUNTIME = YES;
				ENABLE_USER_SELECTED_FILES = readonly;
				GENERATE_INFOPLIST_FILE = YES;
				INFOPLIST_FILE = "PBS with BBA Compare Extension/Info.plist";
				INFOPLIST_KEY_CFBundleDisplayName = "PBS with BBA Compare Extension";
				INFOPLIST_KEY_NSHumanReadableCopyright = "";
				LD_RUNPATH_SEARCH_PATHS = (
					"$(inherited)",
					"@executable_path/../Frameworks",
					"@executable_path/../../../../Frameworks",
				);
				MACOSX_DEPLOYMENT_TARGET = 12.0;
				MARKETING_VERSION = 1.0.0;
				OTHER_LDFLAGS = (
					"-framework",
					SafariServices,
				);
				PRODUCT_BUNDLE_IDENTIFIER = "com.rickwilson.PBS-with-BBA-Compare.Extension";
				PRODUCT_NAME = "$(TARGET_NAME)";
				SKIP_INSTALL = YES;
				STRING_CATALOG_GENERATE_SYMBOLS = YES;
				SWIFT_APPROACHABLE_CONCURRENCY = YES;
				SWIFT_EMIT_LOC_STRINGS = YES;
				SWIFT_UPCOMING_FEATURE_MEMBER_IMPORT_VISIBILITY = YES;
				SWIFT_VERSION = 5.0;
			};
			name = Release;
		};
		1D9F82192F5E475D00D9E83B /* Debug */ = {
			isa = XCBuildConfiguration;
			buildSettings = {
				ASSETCATALOG_COMPILER_APPICON_NAME = AppIcon;
				ASSETCATALOG_COMPILER_GLOBAL_ACCENT_COLOR_NAME = AccentColor;
				CODE_SIGN_STYLE = Automatic;
				COMBINE_HIDPI_IMAGES = YES;
				CURRENT_PROJECT_VERSION = 3;
				DEVELOPMENT_TEAM = 8H3FX5B8KD;
				ENABLE_APP_SANDBOX = YES;
				ENABLE_HARDENED_RUNTIME = YES;
				ENABLE_OUTGOING_NETWORK_CONNECTIONS = YES;
				ENABLE_USER_SELECTED_FILES = readonly;
				GENERATE_INFOPLIST_FILE = YES;
				INFOPLIST_FILE = "PBS with BBA Compare/Info.plist";
				INFOPLIST_KEY_CFBundleDisplayName = "PBS with BBA Compare";
				INFOPLIST_KEY_NSHumanReadableCopyright = "";
				INFOPLIST_KEY_NSMainStoryboardFile = Main;
				INFOPLIST_KEY_NSPrincipalClass = NSApplication;
				LD_RUNPATH_SEARCH_PATHS = (
					"$(inherited)",
					"@executable_path/../Frameworks",
				);
				MARKETING_VERSION = 1.0.0;
				OTHER_LDFLAGS = (
					"-framework",
					SafariServices,
					"-framework",
					WebKit,
				);
				PRODUCT_BUNDLE_IDENTIFIER = "com.rickwilson.PBS-with-BBA-Compare";
				PRODUCT_NAME = "$(TARGET_NAME)";
				REGISTER_APP_GROUPS = YES;
				STRING_CATALOG_GENERATE_SYMBOLS = YES;
				SWIFT_APPROACHABLE_CONCURRENCY = YES;
				SWIFT_DEFAULT_ACTOR_ISOLATION = MainActor;
				SWIFT_EMIT_LOC_STRINGS = YES;
				SWIFT_UPCOMING_FEATURE_MEMBER_IMPORT_VISIBILITY = YES;
				SWIFT_VERSION = 5.0;
			};
			name = Debug;
		};
		1D9F821A2F5E475D00D9E83B /* Release */ = {
			isa = XCBuildConfiguration;
			buildSettings = {
				ASSETCATALOG_COMPILER_APPICON_NAME = AppIcon;
				ASSETCATALOG_COMPILER_GLOBAL_ACCENT_COLOR_NAME = AccentColor;
				CODE_SIGN_STYLE = Automatic;
				COMBINE_HIDPI_IMAGES = YES;
				CURRENT_PROJECT_VERSION = 3;
				DEVELOPMENT_TEAM = 8H3FX5B8KD;
				ENABLE_APP_SANDBOX = YES;
				ENABLE_HARDENED_RUNTIME = YES;
				ENABLE_OUTGOING_NETWORK_CONNECTIONS = YES;
				ENABLE_USER_SELECTED_FILES = readonly;
				GENERATE_INFOPLIST_FILE = YES;
				INFOPLIST_FILE = "PBS with BBA Compare/Info.plist";
				INFOPLIST_KEY_CFBundleDisplayName = "PBS with BBA Compare";
				INFOPLIST_KEY_NSHumanReadableCopyright = "";
				INFOPLIST_KEY_NSMainStoryboardFile = Main;
				INFOPLIST_KEY_NSPrincipalClass = NSApplication;
				LD_RUNPATH_SEARCH_PATHS = (
					"$(inherited)",
					"@executable_path/../Frameworks",
				);
				MARKETING_VERSION = 1.0.0;
				OTHER_LDFLAGS = (
					"-framework",
					SafariServices,
					"-framework",
					WebKit,
				);
				PRODUCT_BUNDLE_IDENTIFIER = "com.rickwilson.PBS-with-BBA-Compare";
				PRODUCT_NAME = "$(TARGET_NAME)";
				REGISTER_APP_GROUPS = YES;
				STRING_CATALOG_GENERATE_SYMBOLS = YES;
				SWIFT_APPROACHABLE_CONCURRENCY = YES;
				SWIFT_DEFAULT_ACTOR_ISOLATION = MainActor;
				SWIFT_EMIT_LOC_STRINGS = YES;
				SWIFT_UPCOMING_FEATURE_MEMBER_IMPORT_VISIBILITY = YES;
				SWIFT_VERSION = 5.0;
			};
			name = Release;
		};
/* End XCBuildConfiguration section */

/* Begin XCConfigurationList section */
		1D9F81EA2F5E475C00D9E83B /* Build configuration list for PBXProject "PBS with BBA Compare" */ = {
			isa = XCConfigurationList;
			buildConfigurations = (
				1D9F82122F5E475D00D9E83B /* Debug */,
				1D9F82132F5E475D00D9E83B /* Release */,
			);
			defaultConfigurationIsVisible = 0;
			defaultConfigurationName = Release;
		};
		1D9F82142F5E475D00D9E83B /* Build configuration list for PBXNativeTarget "PBS with BBA Compare Extension" */ = {
			isa = XCConfigurationList;
			buildConfigurations = (
				1D9F82152F5E475D00D9E83B /* Debug */,
				1D9F82162F5E475D00D9E83B /* Release */,
			);
			defaultConfigurationIsVisible = 0;
			defaultConfigurationName = Release;
		};
		1D9F82182F5E475D00D9E83B /* Build configuration list for PBXNativeTarget "PBS with BBA Compare" */ = {
			isa = XCConfigurationList;
			buildConfigurations = (
				1D9F82192F5E475D00D9E83B /* Debug */,
				1D9F821A2F5E475D00D9E83B /* Release */,
			);
			defaultConfigurationIsVisible = 0;
			defaultConfigurationName = Release;
		};
/* End XCConfigurationList section */
	};
	rootObject = 1D9F81E72F5E475C00D9E83B /* Project object */;
}
